// !$*UTF8*$!
{
	archiveVersion = 1;
	classes = {
	};
	objectVersion = 50;
	objects = {

/* Begin PBXBuildFile section */
		DA9F45AE2661AB1400F04CE8 /* AppDelegate.swift in Sources */ = {isa = PBXBuildFile; fileRef = DA9F45AD2661AB1400F04CE8 /* AppDelegate.swift */; };
		DA9F45B02661AB1400F04CE8 /* SceneDelegate.swift in Sources */ = {isa = PBXBuildFile; fileRef = DA9F45AF2661AB1400F04CE8 /* SceneDelegate.swift */; };
		DA9F45B22661AB1400F04CE8 /* ViewController.swift in Sources */ = {isa = PBXBuildFile; fileRef = DA9F45B12661AB1400F04CE8 /* ViewController.swift */; };
		DA9F45B52661AB1400F04CE8 /* Main.storyboard in Resources */ = {isa = PBXBuildFile; fileRef = DA9F45B32661AB1400F04CE8 /* Main.storyboard */; };
		DA9F45B72661AB1500F04CE8 /* Assets.xcassets in Resources */ = {isa = PBXBuildFile; fileRef = DA9F45B62661AB1500F04CE8 /* Assets.xcassets */; };
		DA9F45BA2661AB1500F04CE8 /* LaunchScreen.storyboard in Resources */ = {isa = PBXBuildFile; fileRef = DA9F45B82661AB1500F04CE8 /* LaunchScreen.storyboard */; };
		DA9F45D02661AB1500F04CE8 /* NotesUITests.swift in Sources */ = {isa = PBXBuildFile; fileRef = DA9F45CF2661AB1500F04CE8 /* NotesUITests.swift */; };
		DA9F45DE2661AB2800F04CE8 /* README.md in Resources */ = {isa = PBXBuildFile; fileRef = DA9F45DD2661AB2800F04CE8 /* README.md */; };
		DA9F45ED2661B77700F04CE8 /* NoteModelValidatorTests.swift in Sources */ = {isa = PBXBuildFile; fileRef = DA9F45EC2661B77700F04CE8 /* NoteModelValidatorTests.swift */; };
		DA9F45EF2661B80C00F04CE8 /* NoteModelValidator.swift in Sources */ = {isa = PBXBuildFile; fileRef = DA9F45EE2661B80C00F04CE8 /* NoteModelValidator.swift */; };
		DA9F45F32661BBC400F04CE8 /* Note.swift in Sources */ = {isa = PBXBuildFile; fileRef = DA9F45F22661BBC400F04CE8 /* Note.swift */; };
		DA9F45F52661C05C00F04CE8 /* ViewControllerTests.swift in Sources */ = {isa = PBXBuildFile; fileRef = DA9F45F42661C05C00F04CE8 /* ViewControllerTests.swift */; };
		DA9F45FC2663030000F04CE8 /* DetailViewController.swift in Sources */ = {isa = PBXBuildFile; fileRef = DA9F45FB2663030000F04CE8 /* DetailViewController.swift */; };
		DA9F462226649D1500F04CE8 /* Extensions.swift in Sources */ = {isa = PBXBuildFile; fileRef = DA9F462126649D1500F04CE8 /* Extensions.swift */; };
		DAD1433A2671C7E500BDE1A5 /* Protocols.swift in Sources */ = {isa = PBXBuildFile; fileRef = DAD143392671C7E500BDE1A5 /* Protocols.swift */; };
/* End PBXBuildFile section */

/* Begin PBXContainerItemProxy section */
		DA9F45C12661AB1500F04CE8 /* PBXContainerItemProxy */ = {
			isa = PBXContainerItemProxy;
			containerPortal = DA9F45A22661AB1400F04CE8 /* Project object */;
			proxyType = 1;
			remoteGlobalIDString = DA9F45A92661AB1400F04CE8;
			remoteInfo = Notes;
		};
		DA9F45CC2661AB1500F04CE8 /* PBXContainerItemProxy */ = {
			isa = PBXContainerItemProxy;
			containerPortal = DA9F45A22661AB1400F04CE8 /* Project object */;
			proxyType = 1;
			remoteGlobalIDString = DA9F45A92661AB1400F04CE8;
			remoteInfo = Notes;
		};
/* End PBXContainerItemProxy section */

/* Begin PBXFileReference section */
		DA9F45AA2661AB1400F04CE8 /* Notes.app */ = {isa = PBXFileReference; explicitFileType = wrapper.application; includeInIndex = 0; path = Notes.app; sourceTree = BUILT_PRODUCTS_DIR; };
		DA9F45AD2661AB1400F04CE8 /* AppDelegate.swift */ = {isa = PBXFileReference; lastKnownFileType = sourcecode.swift; path = AppDelegate.swift; sourceTree = "<group>"; };
		DA9F45AF2661AB1400F04CE8 /* SceneDelegate.swift */ = {isa = PBXFileReference; lastKnownFileType = sourcecode.swift; path = SceneDelegate.swift; sourceTree = "<group>"; };
		DA9F45B12661AB1400F04CE8 /* ViewController.swift */ = {isa = PBXFileReference; lastKnownFileType = sourcecode.swift; path = ViewController.swift; sourceTree = "<group>"; };
		DA9F45B42661AB1400F04CE8 /* Base */ = {isa = PBXFileReference; lastKnownFileType = file.storyboard; name = Base; path = Base.lproj/Main.storyboard; sourceTree = "<group>"; };
		DA9F45B62661AB1500F04CE8 /* Assets.xcassets */ = {isa = PBXFileReference; lastKnownFileType = folder.assetcatalog; path = Assets.xcassets; sourceTree = "<group>"; };
		DA9F45B92661AB1500F04CE8 /* Base */ = {isa = PBXFileReference; lastKnownFileType = file.storyboard; name = Base; path = Base.lproj/LaunchScreen.storyboard; sourceTree = "<group>"; };
		DA9F45BB2661AB1500F04CE8 /* Info.plist */ = {isa = PBXFileReference; lastKnownFileType = text.plist.xml; path = Info.plist; sourceTree = "<group>"; };
		DA9F45C02661AB1500F04CE8 /* NotesTests.xctest */ = {isa = PBXFileReference; explicitFileType = wrapper.cfbundle; includeInIndex = 0; path = NotesTests.xctest; sourceTree = BUILT_PRODUCTS_DIR; };
		DA9F45C62661AB1500F04CE8 /* Info.plist */ = {isa = PBXFileReference; lastKnownFileType = text.plist.xml; path = Info.plist; sourceTree = "<group>"; };
		DA9F45CB2661AB1500F04CE8 /* NotesUITests.xctest */ = {isa = PBXFileReference; explicitFileType = wrapper.cfbundle; includeInIndex = 0; path = NotesUITests.xctest; sourceTree = BUILT_PRODUCTS_DIR; };
		DA9F45CF2661AB1500F04CE8 /* NotesUITests.swift */ = {isa = PBXFileReference; lastKnownFileType = sourcecode.swift; path = NotesUITests.swift; sourceTree = "<group>"; };
		DA9F45D12661AB1500F04CE8 /* Info.plist */ = {isa = PBXFileReference; lastKnownFileType = text.plist.xml; path = Info.plist; sourceTree = "<group>"; };
		DA9F45DD2661AB2800F04CE8 /* README.md */ = {isa = PBXFileReference; lastKnownFileType = net.daringfireball.markdown; path = README.md; sourceTree = "<group>"; };
		DA9F45EC2661B77700F04CE8 /* NoteModelValidatorTests.swift */ = {isa = PBXFileReference; lastKnownFileType = sourcecode.swift; path = NoteModelValidatorTests.swift; sourceTree = "<group>"; };
		DA9F45EE2661B80C00F04CE8 /* NoteModelValidator.swift */ = {isa = PBXFileReference; lastKnownFileType = sourcecode.swift; path = NoteModelValidator.swift; sourceTree = "<group>"; };
		DA9F45F22661BBC400F04CE8 /* Note.swift */ = {isa = PBXFileReference; lastKnownFileType = sourcecode.swift; path = Note.swift; sourceTree = "<group>"; };
		DA9F45F42661C05C00F04CE8 /* ViewControllerTests.swift */ = {isa = PBXFileReference; lastKnownFileType = sourcecode.swift; path = ViewControllerTests.swift; sourceTree = "<group>"; };
		DA9F45FB2663030000F04CE8 /* DetailViewController.swift */ = {isa = PBXFileReference; lastKnownFileType = sourcecode.swift; path = DetailViewController.swift; sourceTree = "<group>"; };
		DA9F462126649D1500F04CE8 /* Extensions.swift */ = {isa = PBXFileReference; lastKnownFileType = sourcecode.swift; path = Extensions.swift; sourceTree = "<group>"; };
		DAD143392671C7E500BDE1A5 /* Protocols.swift */ = {isa = PBXFileReference; lastKnownFileType = sourcecode.swift; path = Protocols.swift; sourceTree = "<group>"; };
/* End PBXFileReference section */

/* Begin PBXFrameworksBuildPhase section */
		DA9F45A72661AB1400F04CE8 /* Frameworks */ = {
			isa = PBXFrameworksBuildPhase;
			buildActionMask = 2147483647;
			files = (
			);
			runOnlyForDeploymentPostprocessing = 0;
		};
		DA9F45BD2661AB1500F04CE8 /* Frameworks */ = {
			isa = PBXFrameworksBuildPhase;
			buildActionMask = 2147483647;
			files = (
			);
			runOnlyForDeploymentPostprocessing = 0;
		};
		DA9F45C82661AB1500F04CE8 /* Frameworks */ = {
			isa = PBXFrameworksBuildPhase;
			buildActionMask = 2147483647;
			files = (
			);
			runOnlyForDeploymentPostprocessing = 0;
		};
/* End PBXFrameworksBuildPhase section */

/* Begin PBXGroup section */
		DA9F45A12661AB1400F04CE8 = {
			isa = PBXGroup;
			children = (
				DA9F45DD2661AB2800F04CE8 /* README.md */,
				DA9F45AC2661AB1400F04CE8 /* Notes */,
				DA9F45C32661AB1500F04CE8 /* NotesTests */,
				DA9F45CE2661AB1500F04CE8 /* NotesUITests */,
				DA9F45AB2661AB1400F04CE8 /* Products */,
			);
			sourceTree = "<group>";
		};
		DA9F45AB2661AB1400F04CE8 /* Products */ = {
			isa = PBXGroup;
			children = (
				DA9F45AA2661AB1400F04CE8 /* Notes.app */,
				DA9F45C02661AB1500F04CE8 /* NotesTests.xctest */,
				DA9F45CB2661AB1500F04CE8 /* NotesUITests.xctest */,
			);
			name = Products;
			sourceTree = "<group>";
		};
		DA9F45AC2661AB1400F04CE8 /* Notes */ = {
			isa = PBXGroup;
			children = (
				DA9F45AD2661AB1400F04CE8 /* AppDelegate.swift */,
				DA9F45AF2661AB1400F04CE8 /* SceneDelegate.swift */,
				DA9F45B12661AB1400F04CE8 /* ViewController.swift */,
				DA9F45FB2663030000F04CE8 /* DetailViewController.swift */,
				DA9F45B32661AB1400F04CE8 /* Main.storyboard */,
				DA9F45B62661AB1500F04CE8 /* Assets.xcassets */,
				DA9F45B82661AB1500F04CE8 /* LaunchScreen.storyboard */,
				DA9F45BB2661AB1500F04CE8 /* Info.plist */,
				DA9F45F02661BAFB00F04CE8 /* Model */,
				DA9F462126649D1500F04CE8 /* Extensions.swift */,
				DAD143392671C7E500BDE1A5 /* Protocols.swift */,
			);
			path = Notes;
			sourceTree = "<group>";
		};
		DA9F45C32661AB1500F04CE8 /* NotesTests */ = {
			isa = PBXGroup;
			children = (
				DA9F45C62661AB1500F04CE8 /* Info.plist */,
				DA9F45F62661C08800F04CE8 /* Controllers */,
				DA9F45F12661BB0800F04CE8 /* Model */,
			);
			path = NotesTests;
			sourceTree = "<group>";
		};
		DA9F45CE2661AB1500F04CE8 /* NotesUITests */ = {
			isa = PBXGroup;
			children = (
				DA9F45CF2661AB1500F04CE8 /* NotesUITests.swift */,
				DA9F45D12661AB1500F04CE8 /* Info.plist */,
			);
			path = NotesUITests;
			sourceTree = "<group>";
		};
		DA9F45F02661BAFB00F04CE8 /* Model */ = {
			isa = PBXGroup;
			children = (
				DA9F45EE2661B80C00F04CE8 /* NoteModelValidator.swift */,
				DA9F45F22661BBC400F04CE8 /* Note.swift */,
			);
			path = Model;
			sourceTree = "<group>";
		};
		DA9F45F12661BB0800F04CE8 /* Model */ = {
			isa = PBXGroup;
			children = (
				DA9F45EC2661B77700F04CE8 /* NoteModelValidatorTests.swift */,
			);
			path = Model;
			sourceTree = "<group>";
		};
		DA9F45F62661C08800F04CE8 /* Controllers */ = {
			isa = PBXGroup;
			children = (
				DA9F45F42661C05C00F04CE8 /* ViewControllerTests.swift */,
			);
			path = Controllers;
			sourceTree = "<group>";
		};
/* End PBXGroup section */

/* Begin PBXNativeTarget section */
		DA9F45A92661AB1400F04CE8 /* Notes */ = {
			isa = PBXNativeTarget;
			buildConfigurationList = DA9F45D42661AB1500F04CE8 /* Build configuration list for PBXNativeTarget "Notes" */;
			buildPhases = (
				DA9F45A62661AB1400F04CE8 /* Sources */,
				DA9F45A72661AB1400F04CE8 /* Frameworks */,
				DA9F45A82661AB1400F04CE8 /* Resources */,
			);
			buildRules = (
			);
			dependencies = (
			);
			name = Notes;
			productName = Notes;
			productReference = DA9F45AA2661AB1400F04CE8 /* Notes.app */;
			productType = "com.apple.product-type.application";
		};
		DA9F45BF2661AB1500F04CE8 /* NotesTests */ = {
			isa = PBXNativeTarget;
			buildConfigurationList = DA9F45D72661AB1500F04CE8 /* Build configuration list for PBXNativeTarget "NotesTests" */;
			buildPhases = (
				DA9F45BC2661AB1500F04CE8 /* Sources */,
				DA9F45BD2661AB1500F04CE8 /* Frameworks */,
				DA9F45BE2661AB1500F04CE8 /* Resources */,
			);
			buildRules = (
			);
			dependencies = (
				DA9F45C22661AB1500F04CE8 /* PBXTargetDependency */,
			);
			name = NotesTests;
			productName = NotesTests;
			productReference = DA9F45C02661AB1500F04CE8 /* NotesTests.xctest */;
			productType = "com.apple.product-type.bundle.unit-test";
		};
		DA9F45CA2661AB1500F04CE8 /* NotesUITests */ = {
			isa = PBXNativeTarget;
			buildConfigurationList = DA9F45DA2661AB1500F04CE8 /* Build configuration list for PBXNativeTarget "NotesUITests" */;
			buildPhases = (
				DA9F45C72661AB1500F04CE8 /* Sources */,
				DA9F45C82661AB1500F04CE8 /* Frameworks */,
				DA9F45C92661AB1500F04CE8 /* Resources */,
			);
			buildRules = (
			);
			dependencies = (
				DA9F45CD2661AB1500F04CE8 /* PBXTargetDependency */,
			);
			name = NotesUITests;
			productName = NotesUITests;
			productReference = DA9F45CB2661AB1500F04CE8 /* NotesUITests.xctest */;
			productType = "com.apple.product-type.bundle.ui-testing";
		};
/* End PBXNativeTarget section */

/* Begin PBXProject section */
		DA9F45A22661AB1400F04CE8 /* Project object */ = {
			isa = PBXProject;
			attributes = {
				LastSwiftUpdateCheck = 1250;
				LastUpgradeCheck = 1250;
				TargetAttributes = {
					DA9F45A92661AB1400F04CE8 = {
						CreatedOnToolsVersion = 12.5;
					};
					DA9F45BF2661AB1500F04CE8 = {
						CreatedOnToolsVersion = 12.5;
						LastSwiftMigration = 1250;
						TestTargetID = DA9F45A92661AB1400F04CE8;
					};
					DA9F45CA2661AB1500F04CE8 = {
						CreatedOnToolsVersion = 12.5;
						TestTargetID = DA9F45A92661AB1400F04CE8;
					};
				};
			};
			buildConfigurationList = DA9F45A52661AB1400F04CE8 /* Build configuration list for PBXProject "Notes" */;
			compatibilityVersion = "Xcode 9.3";
			developmentRegion = en;
			hasScannedForEncodings = 0;
			knownRegions = (
				en,
				Base,
			);
			mainGroup = DA9F45A12661AB1400F04CE8;
			productRefGroup = DA9F45AB2661AB1400F04CE8 /* Products */;
			projectDirPath = "";
			projectRoot = "";
			targets = (
				DA9F45A92661AB1400F04CE8 /* Notes */,
				DA9F45BF2661AB1500F04CE8 /* NotesTests */,
				DA9F45CA2661AB1500F04CE8 /* NotesUITests */,
			);
		};
/* End PBXProject section */

/* Begin PBXResourcesBuildPhase section */
		DA9F45A82661AB1400F04CE8 /* Resources */ = {
			isa = PBXResourcesBuildPhase;
			buildActionMask = 2147483647;
			files = (
				DA9F45BA2661AB1500F04CE8 /* LaunchScreen.storyboard in Resources */,
				DA9F45B72661AB1500F04CE8 /* Assets.xcassets in Resources */,
				DA9F45DE2661AB2800F04CE8 /* README.md in Resources */,
				DA9F45B52661AB1400F04CE8 /* Main.storyboard in Resources */,
			);
			runOnlyForDeploymentPostprocessing = 0;
		};
		DA9F45BE2661AB1500F04CE8 /* Resources */ = {
			isa = PBXResourcesBuildPhase;
			buildActionMask = 2147483647;
			files = (
			);
			runOnlyForDeploymentPostprocessing = 0;
		};
		DA9F45C92661AB1500F04CE8 /* Resources */ = {
			isa = PBXResourcesBuildPhase;
			buildActionMask = 2147483647;
			files = (
			);
			runOnlyForDeploymentPostprocessing = 0;
		};
/* End PBXResourcesBuildPhase section */

/* Begin PBXSourcesBuildPhase section */
		DA9F45A62661AB1400F04CE8 /* Sources */ = {
			isa = PBXSourcesBuildPhase;
			buildActionMask = 2147483647;
			files = (
				DA9F45F32661BBC400F04CE8 /* Note.swift in Sources */,
				DA9F45EF2661B80C00F04CE8 /* NoteModelValidator.swift in Sources */,
				DA9F462226649D1500F04CE8 /* Extensions.swift in Sources */,
				DA9F45B22661AB1400F04CE8 /* ViewController.swift in Sources */,
				DA9F45AE2661AB1400F04CE8 /* AppDelegate.swift in Sources */,
				DA9F45B02661AB1400F04CE8 /* SceneDelegate.swift in Sources */,
				DA9F45FC2663030000F04CE8 /* DetailViewController.swift in Sources */,
				DAD1433A2671C7E500BDE1A5 /* Protocols.swift in Sources */,
			);
			runOnlyForDeploymentPostprocessing = 0;
		};
		DA9F45BC2661AB1500F04CE8 /* Sources */ = {
			isa = PBXSourcesBuildPhase;
			buildActionMask = 2147483647;
			files = (
				DA9F45F52661C05C00F04CE8 /* ViewControllerTests.swift in Sources */,
				DA9F45ED2661B77700F04CE8 /* NoteModelValidatorTests.swift in Sources */,
			);
			runOnlyForDeploymentPostprocessing = 0;
		};
		DA9F45C72661AB1500F04CE8 /* Sources */ = {
			isa = PBXSourcesBuildPhase;
			buildActionMask = 2147483647;
			files = (
				DA9F45D02661AB1500F04CE8 /* NotesUITests.swift in Sources */,
			);
			runOnlyForDeploymentPostprocessing = 0;
		};
/* End PBXSourcesBuildPhase section */

/* Begin PBXTargetDependency section */
		DA9F45C22661AB1500F04CE8 /* PBXTargetDependency */ = {
			isa = PBXTargetDependency;
			target = DA9F45A92661AB1400F04CE8 /* Notes */;
			targetProxy = DA9F45C12661AB1500F04CE8 /* PBXContainerItemProxy */;
		};
		DA9F45CD2661AB1500F04CE8 /* PBXTargetDependency */ = {
			isa = PBXTargetDependency;
			target = DA9F45A92661AB1400F04CE8 /* Notes */;
			targetProxy = DA9F45CC2661AB1500F04CE8 /* PBXContainerItemProxy */;
		};
/* End PBXTargetDependency section */

/* Begin PBXVariantGroup section */
		DA9F45B32661AB1400F04CE8 /* Main.storyboard */ = {
			isa = PBXVariantGroup;
			children = (
				DA9F45B42661AB1400F04CE8 /* Base */,
			);
			name = Main.storyboard;
			sourceTree = "<group>";
		};
		DA9F45B82661AB1500F04CE8 /* LaunchScreen.storyboard */ = {
			isa = PBXVariantGroup;
			children = (
				DA9F45B92661AB1500F04CE8 /* Base */,
			);
			name = LaunchScreen.storyboard;
			sourceTree = "<group>";
		};
/* End PBXVariantGroup section */

/* Begin XCBuildConfiguration section */
		DA9F45D22661AB1500F04CE8 /* Debug */ = {
			isa = XCBuildConfiguration;
			buildSettings = {
				ALWAYS_SEARCH_USER_PATHS = NO;
				CLANG_ANALYZER_NONNULL = YES;
				CLANG_ANALYZER_NUMBER_OBJECT_CONVERSION = YES_AGGRESSIVE;
				CLANG_CXX_LANGUAGE_STANDARD = "gnu++14";
				CLANG_CXX_LIBRARY = "libc++";
				CLANG_ENABLE_MODULES = YES;
				CLANG_ENABLE_OBJC_ARC = YES;
				CLANG_ENABLE_OBJC_WEAK = YES;
				CLANG_WARN_BLOCK_CAPTURE_AUTORELEASING = YES;
				CLANG_WARN_BOOL_CONVERSION = YES;
				CLANG_WARN_COMMA = YES;
				CLANG_WARN_CONSTANT_CONVERSION = YES;
				CLANG_WARN_DEPRECATED_OBJC_IMPLEMENTATIONS = YES;
				CLANG_WARN_DIRECT_OBJC_ISA_USAGE = YES_ERROR;
				CLANG_WARN_DOCUMENTATION_COMMENTS = YES;
				CLANG_WARN_EMPTY_BODY = YES;
				CLANG_WARN_ENUM_CONVERSION = YES;
				CLANG_WARN_INFINITE_RECURSION = YES;
				CLANG_WARN_INT_CONVERSION = YES;
				CLANG_WARN_NON_LITERAL_NULL_CONVERSION = YES;
				CLANG_WARN_OBJC_IMPLICIT_RETAIN_SELF = YES;
				CLANG_WARN_OBJC_LITERAL_CONVERSION = YES;
				CLANG_WARN_OBJC_ROOT_CLASS = YES_ERROR;
				CLANG_WARN_QUOTED_INCLUDE_IN_FRAMEWORK_HEADER = YES;
				CLANG_WARN_RANGE_LOOP_ANALYSIS = YES;
				CLANG_WARN_STRICT_PROTOTYPES = YES;
				CLANG_WARN_SUSPICIOUS_MOVE = YES;
				CLANG_WARN_UNGUARDED_AVAILABILITY = YES_AGGRESSIVE;
				CLANG_WARN_UNREACHABLE_CODE = YES;
				CLANG_WARN__DUPLICATE_METHOD_MATCH = YES;
				COPY_PHASE_STRIP = NO;
				DEBUG_INFORMATION_FORMAT = dwarf;
				ENABLE_STRICT_OBJC_MSGSEND = YES;
				ENABLE_TESTABILITY = YES;
				GCC_C_LANGUAGE_STANDARD = gnu11;
				GCC_DYNAMIC_NO_PIC = NO;
				GCC_NO_COMMON_BLOCKS = YES;
				GCC_OPTIMIZATION_LEVEL = 0;
				GCC_PREPROCESSOR_DEFINITIONS = (
					"DEBUG=1",
					"$(inherited)",
				);
				GCC_WARN_64_TO_32_BIT_CONVERSION = YES;
				GCC_WARN_ABOUT_RETURN_TYPE = YES_ERROR;
				GCC_WARN_UNDECLARED_SELECTOR = YES;
				GCC_WARN_UNINITIALIZED_AUTOS = YES_AGGRESSIVE;
				GCC_WARN_UNUSED_FUNCTION = YES;
				GCC_WARN_UNUSED_VARIABLE = YES;
				IPHONEOS_DEPLOYMENT_TARGET = 14.5;
				MTL_ENABLE_DEBUG_INFO = INCLUDE_SOURCE;
				MTL_FAST_MATH = YES;
				ONLY_ACTIVE_ARCH = YES;
				SDKROOT = iphoneos;
				SWIFT_ACTIVE_COMPILATION_CONDITIONS = DEBUG;
				SWIFT_OPTIMIZATION_LEVEL = "-Onone";
			};
			name = Debug;
		};
		DA9F45D32661AB1500F04CE8 /* Release */ = {
			isa = XCBuildConfiguration;
			buildSettings = {
				ALWAYS_SEARCH_USER_PATHS = NO;
				CLANG_ANALYZER_NONNULL = YES;
				CLANG_ANALYZER_NUMBER_OBJECT_CONVERSION = YES_AGGRESSIVE;
				CLANG_CXX_LANGUAGE_STANDARD = "gnu++14";
				CLANG_CXX_LIBRARY = "libc++";
				CLANG_ENABLE_MODULES = YES;
				CLANG_ENABLE_OBJC_ARC = YES;
				CLANG_ENABLE_OBJC_WEAK = YES;
				CLANG_WARN_BLOCK_CAPTURE_AUTORELEASING = YES;
				CLANG_WARN_BOOL_CONVERSION = YES;
				CLANG_WARN_COMMA = YES;
				CLANG_WARN_CONSTANT_CONVERSION = YES;
				CLANG_WARN_DEPRECATED_OBJC_IMPLEMENTATIONS = YES;
				CLANG_WARN_DIRECT_OBJC_ISA_USAGE = YES_ERROR;
				CLANG_WARN_DOCUMENTATION_COMMENTS = YES;
				CLANG_WARN_EMPTY_BODY = YES;
				CLANG_WARN_ENUM_CONVERSION = YES;
				CLANG_WARN_INFINITE_RECURSION = YES;
				CLANG_WARN_INT_CONVERSION = YES;
				CLANG_WARN_NON_LITERAL_NULL_CONVERSION = YES;
				CLANG_WARN_OBJC_IMPLICIT_RETAIN_SELF = YES;
				CLANG_WARN_OBJC_LITERAL_CONVERSION = YES;
				CLANG_WARN_OBJC_ROOT_CLASS = YES_ERROR;
				CLANG_WARN_QUOTED_INCLUDE_IN_FRAMEWORK_HEADER = YES;
				CLANG_WARN_RANGE_LOOP_ANALYSIS = YES;
				CLANG_WARN_STRICT_PROTOTYPES = YES;
				CLANG_WARN_SUSPICIOUS_MOVE = YES;
				CLANG_WARN_UNGUARDED_AVAILABILITY = YES_AGGRESSIVE;
				CLANG_WARN_UNREACHABLE_CODE = YES;
				CLANG_WARN__DUPLICATE_METHOD_MATCH = YES;
				COPY_PHASE_STRIP = NO;
				DEBUG_INFORMATION_FORMAT = "dwarf-with-dsym";
				ENABLE_NS_ASSERTIONS = NO;
				ENABLE_STRICT_OBJC_MSGSEND = YES;
				GCC_C_LANGUAGE_STANDARD = gnu11;
				GCC_NO_COMMON_BLOCKS = YES;
				GCC_WARN_64_TO_32_BIT_CONVERSION = YES;
				GCC_WARN_ABOUT_RETURN_TYPE = YES_ERROR;
				GCC_WARN_UNDECLARED_SELECTOR = YES;
				GCC_WARN_UNINITIALIZED_AUTOS = YES_AGGRESSIVE;
				GCC_WARN_UNUSED_FUNCTION = YES;
				GCC_WARN_UNUSED_VARIABLE = YES;
				IPHONEOS_DEPLOYMENT_TARGET = 14.5;
				MTL_ENABLE_DEBUG_INFO = NO;
				MTL_FAST_MATH = YES;
				SDKROOT = iphoneos;
				SWIFT_COMPILATION_MODE = wholemodule;
				SWIFT_OPTIMIZATION_LEVEL = "-O";
				VALIDATE_PRODUCT = YES;
			};
			name = Release;
		};
		DA9F45D52661AB1500F04CE8 /* Debug */ = {
			isa = XCBuildConfiguration;
			buildSettings = {
				ASSETCATALOG_COMPILER_APPICON_NAME = AppIcon;
				ASSETCATALOG_COMPILER_GLOBAL_ACCENT_COLOR_NAME = AccentColor;
				CODE_SIGN_STYLE = Automatic;
				DEVELOPMENT_TEAM = UC6H82UP9B;
				INFOPLIST_FILE = Notes/Info.plist;
				LD_RUNPATH_SEARCH_PATHS = (
					"$(inherited)",
					"@executable_path/Frameworks",
				);
				PRODUCT_BUNDLE_IDENTIFIER = com.plrichardson.Notes;
				PRODUCT_NAME = "$(TARGET_NAME)";
				SWIFT_VERSION = 5.0;
				TARGETED_DEVICE_FAMILY = "1,2";
			};
			name = Debug;
		};
		DA9F45D62661AB1500F04CE8 /* Release */ = {
			isa = XCBuildConfiguration;
			buildSettings = {
				ASSETCATALOG_COMPILER_APPICON_NAME = AppIcon;
				ASSETCATALOG_COMPILER_GLOBAL_ACCENT_COLOR_NAME = AccentColor;
				CODE_SIGN_STYLE = Automatic;
				DEVELOPMENT_TEAM = UC6H82UP9B;
				INFOPLIST_FILE = Notes/Info.plist;
				LD_RUNPATH_SEARCH_PATHS = (
					"$(inherited)",
					"@executable_path/Frameworks",
				);
				PRODUCT_BUNDLE_IDENTIFIER = com.plrichardson.Notes;
				PRODUCT_NAME = "$(TARGET_NAME)";
				SWIFT_VERSION = 5.0;
				TARGETED_DEVICE_FAMILY = "1,2";
			};
			name = Release;
		};
		DA9F45D82661AB1500F04CE8 /* Debug */ = {
			isa = XCBuildConfiguration;
			buildSettings = {
				ALWAYS_EMBED_SWIFT_STANDARD_LIBRARIES = YES;
				BUNDLE_LOADER = "$(TEST_HOST)";
				CLANG_ENABLE_MODULES = YES;
				CODE_SIGN_STYLE = Automatic;
				DEVELOPMENT_TEAM = UC6H82UP9B;
				INFOPLIST_FILE = NotesTests/Info.plist;
				IPHONEOS_DEPLOYMENT_TARGET = 14.5;
				LD_RUNPATH_SEARCH_PATHS = (
					"$(inherited)",
					"@executable_path/Frameworks",
					"@loader_path/Frameworks",
				);
				PRODUCT_BUNDLE_IDENTIFIER = com.plrichardson.NotesTests;
				PRODUCT_NAME = "$(TARGET_NAME)";
				SWIFT_OPTIMIZATION_LEVEL = "-Onone";
				SWIFT_VERSION = 5.0;
				TARGETED_DEVICE_FAMILY = "1,2";
				TEST_HOST = "$(BUILT_PRODUCTS_DIR)/Notes.app/Notes";
			};
			name = Debug;
		};
		DA9F45D92661AB1500F04CE8 /* Release */ = {
			isa = XCBuildConfiguration;
			buildSettings = {
				ALWAYS_EMBED_SWIFT_STANDARD_LIBRARIES = YES;
				BUNDLE_LOADER = "$(TEST_HOST)";
				CLANG_ENABLE_MODULES = YES;
				CODE_SIGN_STYLE = Automatic;
				DEVELOPMENT_TEAM = UC6H82UP9B;
				INFOPLIST_FILE = NotesTests/Info.plist;
				IPHONEOS_DEPLOYMENT_TARGET = 14.5;
				LD_RUNPATH_SEARCH_PATHS = (
					"$(inherited)",
					"@executable_path/Frameworks",
					"@loader_path/Frameworks",
				);
				PRODUCT_BUNDLE_IDENTIFIER = com.plrichardson.NotesTests;
				PRODUCT_NAME = "$(TARGET_NAME)";
				SWIFT_VERSION = 5.0;
				TARGETED_DEVICE_FAMILY = "1,2";
				TEST_HOST = "$(BUILT_PRODUCTS_DIR)/Notes.app/Notes";
			};
			name = Release;
		};
		DA9F45DB2661AB1500F04CE8 /* Debug */ = {
			isa = XCBuildConfiguration;
			buildSettings = {
				ALWAYS_EMBED_SWIFT_STANDARD_LIBRARIES = YES;
				CODE_SIGN_STYLE = Automatic;
				DEVELOPMENT_TEAM = UC6H82UP9B;
				INFOPLIST_FILE = NotesUITests/Info.plist;
				LD_RUNPATH_SEARCH_PATHS = (
					"$(inherited)",
					"@executable_path/Frameworks",
					"@loader_path/Frameworks",
				);
				PRODUCT_BUNDLE_IDENTIFIER = com.plrichardson.NotesUITests;
				PRODUCT_NAME = "$(TARGET_NAME)";
				SWIFT_VERSION = 5.0;
				TARGETED_DEVICE_FAMILY = "1,2";
				TEST_TARGET_NAME = Notes;
			};
			name = Debug;
		};
		DA9F45DC2661AB1500F04CE8 /* Release */ = {
			isa = XCBuildConfiguration;
			buildSettings = {
				ALWAYS_EMBED_SWIFT_STANDARD_LIBRARIES = YES;
				CODE_SIGN_STYLE = Automatic;
				DEVELOPMENT_TEAM = UC6H82UP9B;
				INFOPLIST_FILE = NotesUITests/Info.plist;
				LD_RUNPATH_SEARCH_PATHS = (
					"$(inherited)",
					"@executable_path/Frameworks",
					"@loader_path/Frameworks",
				);
				PRODUCT_BUNDLE_IDENTIFIER = com.plrichardson.NotesUITests;
				PRODUCT_NAME = "$(TARGET_NAME)";
				SWIFT_VERSION = 5.0;
				TARGETED_DEVICE_FAMILY = "1,2";
				TEST_TARGET_NAME = Notes;
			};
			name = Release;
		};
/* End XCBuildConfiguration section */

/* Begin XCConfigurationList section */
		DA9F45A52661AB1400F04CE8 /* Build configuration list for PBXProject "Notes" */ = {
			isa = XCConfigurationList;
			buildConfigurations = (
				DA9F45D22661AB1500F04CE8 /* Debug */,
				DA9F45D32661AB1500F04CE8 /* Release */,
			);
			defaultConfigurationIsVisible = 0;
			defaultConfigurationName = Release;
		};
		DA9F45D42661AB1500F04CE8 /* Build configuration list for PBXNativeTarget "Notes" */ = {
			isa = XCConfigurationList;
			buildConfigurations = (
				DA9F45D52661AB1500F04CE8 /* Debug */,
				DA9F45D62661AB1500F04CE8 /* Release */,
			);
			defaultConfigurationIsVisible = 0;
			defaultConfigurationName = Release;
		};
		DA9F45D72661AB1500F04CE8 /* Build configuration list for PBXNativeTarget "NotesTests" */ = {
			isa = XCConfigurationList;
			buildConfigurations = (
				DA9F45D82661AB1500F04CE8 /* Debug */,
				DA9F45D92661AB1500F04CE8 /* Release */,
			);
			defaultConfigurationIsVisible = 0;
			defaultConfigurationName = Release;
		};
		DA9F45DA2661AB1500F04CE8 /* Build configuration list for PBXNativeTarget "NotesUITests" */ = {
			isa = XCConfigurationList;
			buildConfigurations = (
				DA9F45DB2661AB1500F04CE8 /* Debug */,
				DA9F45DC2661AB1500F04CE8 /* Release */,
			);
			defaultConfigurationIsVisible = 0;
			defaultConfigurationName = Release;
		};
/* End XCConfigurationList section */
	};
	rootObject = DA9F45A22661AB1400F04CE8 /* Project object */;
}
